
Microsoft Visual Studio Solution File, Format Version 12.00
# Visual Studio Version 17
VisualStudioVersion = 17.1.32407.343
MinimumVisualStudioVersion = 10.0.40219.1
Project("{9A19103F-16F7-4668-BE54-9A1E7A4F7556}") = "ApiDigitalLesson", "ApiDigitalLesson\ApiDigitalLesson.csproj", "{1B1CF865-73C9-4363-BE1A-3988B674D54F}"
EndProject
Project("{9A19103F-16F7-4668-BE54-9A1E7A4F7556}") = "ApiDigitalLesson.Common", "ApiDigitalLesson.Common\ApiDigitalLesson.Common.csproj", "{B587B500-706A-491B-8CE6-A29DBD419156}"
EndProject
Project("{9A19103F-16F7-4668-BE54-9A1E7A4F7556}") = "ApiDigitalLesson.Migrator", "ApiDigitalLesson.Migrator\ApiDigitalLesson.Migrator.csproj", "{BCC623C1-12AB-4178-8B14-77C3FA57AF7B}"
EndProject
Project("{9A19103F-16F7-4668-BE54-9A1E7A4F7556}") = "ApiDigitalLesson.Identity", "ApiDigitalLesson.Identity\ApiDigitalLesson.Identity.csproj", "{70C5FD80-26E0-4801-B360-220C494EE8AD}"
EndProject
Project("{FAE04EC0-301F-11D3-BF4B-00C04F79EFBC}") = "ApiDigitalLesson.BL", "ApiDigitalLesson.BL\ApiDigitalLesson.BL.csproj", "{E9191EFF-4309-4B30-A29A-4696BFC27B83}"
EndProject
Project("{FAE04EC0-301F-11D3-BF4B-00C04F79EFBC}") = "ApiDigitalLesson.Model", "ApiDigitalLesson.Model\ApiDigitalLesson.Model.csproj", "{5F1C75E8-AAF4-4C9C-A8CD-D5E35300DE79}"
EndProject
Project("{FAE04EC0-301F-11D3-BF4B-00C04F79EFBC}") = "ApiDigitalLesson.gRPC", "ApiDigitalLesson.gRPC\ApiDigitalLesson.gRPC.csproj", "{590817D0-5D84-4078-A1D1-4F19E599D336}"
EndProject
Global
	GlobalSection(SolutionConfigurationPlatforms) = preSolution
		Debug|Any CPU = Debug|Any CPU
		Release|Any CPU = Release|Any CPU
	EndGlobalSection
	GlobalSection(ProjectConfigurationPlatforms) = postSolution
		{1B1CF865-73C9-4363-BE1A-3988B674D54F}.Debug|Any CPU.ActiveCfg = Debug|Any CPU
		{1B1CF865-73C9-4363-BE1A-3988B674D54F}.Debug|Any CPU.Build.0 = Debug|Any CPU
		{1B1CF865-73C9-4363-BE1A-3988B674D54F}.Release|Any CPU.ActiveCfg = Release|Any CPU
		{1B1CF865-73C9-4363-BE1A-3988B674D54F}.Release|Any CPU.Build.0 = Release|Any CPU
		{B587B500-706A-491B-8CE6-A29DBD419156}.Debug|Any CPU.ActiveCfg = Debug|Any CPU
		{B587B500-706A-491B-8CE6-A29DBD419156}.Debug|Any CPU.Build.0 = Debug|Any CPU
		{B587B500-706A-491B-8CE6-A29DBD419156}.Release|Any CPU.ActiveCfg = Release|Any CPU
		{B587B500-706A-491B-8CE6-A29DBD419156}.Release|Any CPU.Build.0 = Release|Any CPU
		{BCC623C1-12AB-4178-8B14-77C3FA57AF7B}.Debug|Any CPU.ActiveCfg = Debug|Any CPU
		{BCC623C1-12AB-4178-8B14-77C3FA57AF7B}.Debug|Any CPU.Build.0 = Debug|Any CPU
		{BCC623C1-12AB-4178-8B14-77C3FA57AF7B}.Release|Any CPU.ActiveCfg = Release|Any CPU
		{BCC623C1-12AB-4178-8B14-77C3FA57AF7B}.Release|Any CPU.Build.0 = Release|Any CPU
		{70C5FD80-26E0-4801-B360-220C494EE8AD}.Debug|Any CPU.ActiveCfg = Debug|Any CPU
		{70C5FD80-26E0-4801-B360-220C494EE8AD}.Debug|Any CPU.Build.0 = Debug|Any CPU
		{70C5FD80-26E0-4801-B360-220C494EE8AD}.Release|Any CPU.ActiveCfg = Release|Any CPU
		{70C5FD80-26E0-4801-B360-220C494EE8AD}.Release|Any CPU.Build.0 = Release|Any CPU
		{E9191EFF-4309-4B30-A29A-4696BFC27B83}.Debug|Any CPU.ActiveCfg = Debug|Any CPU
		{E9191EFF-4309-4B30-A29A-4696BFC27B83}.Debug|Any CPU.Build.0 = Debug|Any CPU
		{E9191EFF-4309-4B30-A29A-4696BFC27B83}.Release|Any CPU.ActiveCfg = Release|Any CPU
		{E9191EFF-4309-4B30-A29A-4696BFC27B83}.Release|Any CPU.Build.0 = Release|Any CPU
		{5F1C75E8-AAF4-4C9C-A8CD-D5E35300DE79}.Debug|Any CPU.ActiveCfg = Debug|Any CPU
		{5F1C75E8-AAF4-4C9C-A8CD-D5E35300DE79}.Debug|Any CPU.Build.0 = Debug|Any CPU
		{5F1C75E8-AAF4-4C9C-A8CD-D5E35300DE79}.Release|Any CPU.ActiveCfg = Release|Any CPU
		{5F1C75E8-AAF4-4C9C-A8CD-D5E35300DE79}.Release|Any CPU.Build.0 = Release|Any CPU
		{590817D0-5D84-4078-A1D1-4F19E599D336}.Debug|Any CPU.ActiveCfg = Debug|Any CPU
		{590817D0-5D84-4078-A1D1-4F19E599D336}.Debug|Any CPU.Build.0 = Debug|Any CPU
		{590817D0-5D84-4078-A1D1-4F19E599D336}.Release|Any CPU.ActiveCfg = Release|Any CPU
		{590817D0-5D84-4078-A1D1-4F19E599D336}.Release|Any CPU.Build.0 = Release|Any CPU
	EndGlobalSection
	GlobalSection(SolutionProperties) = preSolution
		HideSolutionNode = FALSE
	EndGlobalSection
	GlobalSection(NestedProjects) = preSolution
	EndGlobalSection
	GlobalSection(ExtensibilityGlobals) = postSolution
		SolutionGuid = {70B13E64-59E0-4199-A8F2-463475478C67}
	EndGlobalSection
EndGlobal
